
Microsoft Visual Studio Solution File, Format Version 12.00
# Visual Studio Version 16
VisualStudioVersion = 16.0.29911.84
MinimumVisualStudioVersion = 10.0.40219.1
Project("{2150E333-8FDC-42A3-9474-1A3956D46DE8}") = "Chapter3", "Chapter3", "{1D5487FC-08F8-4D95-8006-F15FFD30449E}"
EndProject
Project("{FAE04EC0-301F-11D3-BF4B-00C04F79EFBC}") = "Exercise2.3", "Exercise2.3\Exercise2.3.csproj", "{013337E1-E136-4438-A169-9D36303D3CD1}"
EndProject
Global
	GlobalSection(SolutionConfigurationPlatforms) = preSolution
		Debug|Any CPU = Debug|Any CPU
		Release|Any CPU = Release|Any CPU
	EndGlobalSection
	GlobalSection(ProjectConfigurationPlatforms) = postSolution
		{013337E1-E136-4438-A169-9D36303D3CD1}.Debug|Any CPU.ActiveCfg = Debug|Any CPU
		{013337E1-E136-4438-A169-9D36303D3CD1}.Debug|Any CPU.Build.0 = Debug|Any CPU
		{013337E1-E136-4438-A169-9D36303D3CD1}.Release|Any CPU.ActiveCfg = Release|Any CPU
		{013337E1-E136-4438-A169-9D36303D3CD1}.Release|Any CPU.Build.0 = Release|Any CPU
	EndGlobalSection
	GlobalSection(SolutionProperties) = preSolution
		HideSolutionNode = FALSE
	EndGlobalSection
	GlobalSection(NestedProjects) = preSolution
		{013337E1-E136-4438-A169-9D36303D3CD1} = {1D5487FC-08F8-4D95-8006-F15FFD30449E}
	EndGlobalSection
	GlobalSection(ExtensibilityGlobals) = postSolution
		SolutionGuid = {6AD4F8D9-4C4B-4057-908D-594B0BF505B6}
	EndGlobalSection
EndGlobal
