
Microsoft Visual Studio Solution File, Format Version 12.00
# Visual Studio Version 16
VisualStudioVersion = 16.0.29911.84
MinimumVisualStudioVersion = 10.0.40219.1
Project("{2150E333-8FDC-42A3-9474-1A3956D46DE8}") = "Chapter2", "Chapter2", "{1D5487FC-08F8-4D95-8006-F15FFD30449E}"
EndProject
Project("{FAE04EC0-301F-11D3-BF4B-00C04F79EFBC}") = "Exercise2.16", "Chapter2\Exercise2.16\Exercise2.16.csproj", "{BD13C0C9-C757-45B1-81FB-987FD37AF787}"
EndProject
Project("{9A19103F-16F7-4668-BE54-9A1E7A4F7556}") = "Exercise2.15", "Chapter2\Exercise2.15\Exercise2.15.csproj", "{D8C5CA97-4EA9-4524-A3CA-3001C4B9103A}"
EndProject
Global
	GlobalSection(SolutionConfigurationPlatforms) = preSolution
		Debug|Any CPU = Debug|Any CPU
		Release|Any CPU = Release|Any CPU
	EndGlobalSection
	GlobalSection(ProjectConfigurationPlatforms) = postSolution
		{BD13C0C9-C757-45B1-81FB-987FD37AF787}.Debug|Any CPU.ActiveCfg = Debug|Any CPU
		{BD13C0C9-C757-45B1-81FB-987FD37AF787}.Debug|Any CPU.Build.0 = Debug|Any CPU
		{BD13C0C9-C757-45B1-81FB-987FD37AF787}.Release|Any CPU.ActiveCfg = Release|Any CPU
		{BD13C0C9-C757-45B1-81FB-987FD37AF787}.Release|Any CPU.Build.0 = Release|Any CPU
		{D8C5CA97-4EA9-4524-A3CA-3001C4B9103A}.Debug|Any CPU.ActiveCfg = Debug|Any CPU
		{D8C5CA97-4EA9-4524-A3CA-3001C4B9103A}.Debug|Any CPU.Build.0 = Debug|Any CPU
		{D8C5CA97-4EA9-4524-A3CA-3001C4B9103A}.Release|Any CPU.ActiveCfg = Release|Any CPU
		{D8C5CA97-4EA9-4524-A3CA-3001C4B9103A}.Release|Any CPU.Build.0 = Release|Any CPU
	EndGlobalSection
	GlobalSection(SolutionProperties) = preSolution
		HideSolutionNode = FALSE
	EndGlobalSection
	GlobalSection(NestedProjects) = preSolution
		{BD13C0C9-C757-45B1-81FB-987FD37AF787} = {1D5487FC-08F8-4D95-8006-F15FFD30449E}
		{D8C5CA97-4EA9-4524-A3CA-3001C4B9103A} = {1D5487FC-08F8-4D95-8006-F15FFD30449E}
	EndGlobalSection
	GlobalSection(ExtensibilityGlobals) = postSolution
		SolutionGuid = {6AD4F8D9-4C4B-4057-908D-594B0BF505B6}
	EndGlobalSection
EndGlobal
